
Microsoft Visual Studio Solution File, Format Version 12.00
# Visual Studio Version 17
VisualStudioVersion = 17.6.33815.320
MinimumVisualStudioVersion = 10.0.40219.1
Project("{FAE04EC0-301F-11D3-BF4B-00C04F79EFBC}") = "Hotel_Managment", "Hotel_Managment\Hotel_Managment.csproj", "{07E91145-4083-4C2F-8A57-77656EBA47B5}"
EndProject
Global
	GlobalSection(SolutionConfigurationPlatforms) = preSolution
		Debug|Any CPU = Debug|Any CPU
		Release|Any CPU = Release|Any CPU
	EndGlobalSection
	GlobalSection(ProjectConfigurationPlatforms) = postSolution
		{07E91145-4083-4C2F-8A57-77656EBA47B5}.Debug|Any CPU.ActiveCfg = Debug|Any CPU
		{07E91145-4083-4C2F-8A57-77656EBA47B5}.Debug|Any CPU.Build.0 = Debug|Any CPU
		{07E91145-4083-4C2F-8A57-77656EBA47B5}.Release|Any CPU.ActiveCfg = Release|Any CPU
		{07E91145-4083-4C2F-8A57-77656EBA47B5}.Release|Any CPU.Build.0 = Release|Any CPU
	EndGlobalSection
	GlobalSection(SolutionProperties) = preSolution
		HideSolutionNode = FALSE
	EndGlobalSection
	GlobalSection(ExtensibilityGlobals) = postSolution
		SolutionGuid = {BEAB5689-48A2-4056-9DD3-08B571881BD4}
	EndGlobalSection
EndGlobal
